
Microsoft Visual Studio Solution File, Format Version 12.00
# Visual Studio 15
VisualStudioVersion = 15.0.27428.2027
MinimumVisualStudioVersion = 10.0.40219.1
Project("{FAE04EC0-301F-11D3-BF4B-00C04F79EFBC}") = "StajProje", "StajProje\StajProje.csproj", "{D9B15A2D-6F78-43E7-9B13-872ACCA88C03}"
EndProject
Global
	GlobalSection(SolutionConfigurationPlatforms) = preSolution
		Debug|Any CPU = Debug|Any CPU
		Release|Any CPU = Release|Any CPU
	EndGlobalSection
	GlobalSection(ProjectConfigurationPlatforms) = postSolution
		{D9B15A2D-6F78-43E7-9B13-872ACCA88C03}.Debug|Any CPU.ActiveCfg = Debug|Any CPU
		{D9B15A2D-6F78-43E7-9B13-872ACCA88C03}.Debug|Any CPU.Build.0 = Debug|Any CPU
		{D9B15A2D-6F78-43E7-9B13-872ACCA88C03}.Release|Any CPU.ActiveCfg = Release|Any CPU
		{D9B15A2D-6F78-43E7-9B13-872ACCA88C03}.Release|Any CPU.Build.0 = Release|Any CPU
	EndGlobalSection
	GlobalSection(SolutionProperties) = preSolution
		HideSolutionNode = FALSE
	EndGlobalSection
	GlobalSection(ExtensibilityGlobals) = postSolution
		SolutionGuid = {2C4CDF27-1431-46A5-896F-A33F5FA3BDBC}
	EndGlobalSection
EndGlobal
